
Microsoft Visual Studio Solution File, Format Version 12.00
# Visual Studio Version 16
VisualStudioVersion = 16.0.31313.79
MinimumVisualStudioVersion = 10.0.40219.1
Project("{FAE04EC0-301F-11D3-BF4B-00C04F79EFBC}") = "ApiTestingFramework.Net", "ApiTestingFramework.Net.csproj", "{EC731BBA-0D96-40F8-B897-457A88D49840}"
EndProject
Global
	GlobalSection(SolutionConfigurationPlatforms) = preSolution
		Debug|Any CPU = Debug|Any CPU
		Release|Any CPU = Release|Any CPU
	EndGlobalSection
	GlobalSection(ProjectConfigurationPlatforms) = postSolution
		{EC731BBA-0D96-40F8-B897-457A88D49840}.Debug|Any CPU.ActiveCfg = Debug|Any CPU
		{EC731BBA-0D96-40F8-B897-457A88D49840}.Debug|Any CPU.Build.0 = Debug|Any CPU
		{EC731BBA-0D96-40F8-B897-457A88D49840}.Release|Any CPU.ActiveCfg = Release|Any CPU
		{EC731BBA-0D96-40F8-B897-457A88D49840}.Release|Any CPU.Build.0 = Release|Any CPU
	EndGlobalSection
	GlobalSection(SolutionProperties) = preSolution
		HideSolutionNode = FALSE
	EndGlobalSection
	GlobalSection(ExtensibilityGlobals) = postSolution
		SolutionGuid = {7D899C74-8514-4AB3-9521-81B792754A94}
	EndGlobalSection
EndGlobal
